
Microsoft Visual Studio Solution File, Format Version 12.00
# Visual Studio Version 17
VisualStudioVersion = 17.4.33213.308
MinimumVisualStudioVersion = 10.0.40219.1
Project("{FAE04EC0-301F-11D3-BF4B-00C04F79EFBC}") = "Exemplul 1", "Exemplul 1\Exemplul 1.csproj", "{55042A3D-872C-4179-A2E6-3B96EC008C4F}"
EndProject
Global
	GlobalSection(SolutionConfigurationPlatforms) = preSolution
		Debug|Any CPU = Debug|Any CPU
		Release|Any CPU = Release|Any CPU
	EndGlobalSection
	GlobalSection(ProjectConfigurationPlatforms) = postSolution
		{55042A3D-872C-4179-A2E6-3B96EC008C4F}.Debug|Any CPU.ActiveCfg = Debug|Any CPU
		{55042A3D-872C-4179-A2E6-3B96EC008C4F}.Debug|Any CPU.Build.0 = Debug|Any CPU
		{55042A3D-872C-4179-A2E6-3B96EC008C4F}.Release|Any CPU.ActiveCfg = Release|Any CPU
		{55042A3D-872C-4179-A2E6-3B96EC008C4F}.Release|Any CPU.Build.0 = Release|Any CPU
	EndGlobalSection
	GlobalSection(SolutionProperties) = preSolution
		HideSolutionNode = FALSE
	EndGlobalSection
	GlobalSection(ExtensibilityGlobals) = postSolution
		SolutionGuid = {EFF899B6-D655-4A43-B04A-467FFBE8C560}
	EndGlobalSection
EndGlobal
