
Microsoft Visual Studio Solution File, Format Version 12.00
# Visual Studio Version 17
VisualStudioVersion = 17.4.33213.308
MinimumVisualStudioVersion = 10.0.40219.1
Project("{FAE04EC0-301F-11D3-BF4B-00C04F79EFBC}") = "Exemplul 8", "Exemplul 8\Exemplul 8.csproj", "{160FF112-E659-4B65-8065-7B68F776B0EE}"
EndProject
Global
	GlobalSection(SolutionConfigurationPlatforms) = preSolution
		Debug|Any CPU = Debug|Any CPU
		Release|Any CPU = Release|Any CPU
	EndGlobalSection
	GlobalSection(ProjectConfigurationPlatforms) = postSolution
		{160FF112-E659-4B65-8065-7B68F776B0EE}.Debug|Any CPU.ActiveCfg = Debug|Any CPU
		{160FF112-E659-4B65-8065-7B68F776B0EE}.Debug|Any CPU.Build.0 = Debug|Any CPU
		{160FF112-E659-4B65-8065-7B68F776B0EE}.Release|Any CPU.ActiveCfg = Release|Any CPU
		{160FF112-E659-4B65-8065-7B68F776B0EE}.Release|Any CPU.Build.0 = Release|Any CPU
	EndGlobalSection
	GlobalSection(SolutionProperties) = preSolution
		HideSolutionNode = FALSE
	EndGlobalSection
	GlobalSection(ExtensibilityGlobals) = postSolution
		SolutionGuid = {D18F5D5B-5B6D-462C-A976-F602A7283B1B}
	EndGlobalSection
EndGlobal
