
Microsoft Visual Studio Solution File, Format Version 12.00
# Visual Studio Version 17
VisualStudioVersion = 17.4.33213.308
MinimumVisualStudioVersion = 10.0.40219.1
Project("{FAE04EC0-301F-11D3-BF4B-00C04F79EFBC}") = "Exemplul 6", "Exemplul 6\Exemplul 6.csproj", "{B800CA2F-CF5A-4287-8762-E812839D9166}"
EndProject
Global
	GlobalSection(SolutionConfigurationPlatforms) = preSolution
		Debug|Any CPU = Debug|Any CPU
		Release|Any CPU = Release|Any CPU
	EndGlobalSection
	GlobalSection(ProjectConfigurationPlatforms) = postSolution
		{B800CA2F-CF5A-4287-8762-E812839D9166}.Debug|Any CPU.ActiveCfg = Debug|Any CPU
		{B800CA2F-CF5A-4287-8762-E812839D9166}.Debug|Any CPU.Build.0 = Debug|Any CPU
		{B800CA2F-CF5A-4287-8762-E812839D9166}.Release|Any CPU.ActiveCfg = Release|Any CPU
		{B800CA2F-CF5A-4287-8762-E812839D9166}.Release|Any CPU.Build.0 = Release|Any CPU
	EndGlobalSection
	GlobalSection(SolutionProperties) = preSolution
		HideSolutionNode = FALSE
	EndGlobalSection
	GlobalSection(ExtensibilityGlobals) = postSolution
		SolutionGuid = {49A63251-DC50-4BBE-9CAE-0E3E9EFD9583}
	EndGlobalSection
EndGlobal
